
Microsoft Visual Studio Solution File, Format Version 12.00
# Visual Studio Version 16
VisualStudioVersion = 16.0.30804.86
MinimumVisualStudioVersion = 10.0.40219.1
Project("{FAE04EC0-301F-11D3-BF4B-00C04F79EFBC}") = "TimeTrackerApi.Api", "TimeTrackerApi.Api\TimeTrackerApi.Api.csproj", "{90395796-23A6-4740-A97A-32DDAC25E51C}"
EndProject
Project("{FAE04EC0-301F-11D3-BF4B-00C04F79EFBC}") = "TimeTrackerApi.Core", "TimeTrackerApi.Core\TimeTrackerApi.Core.csproj", "{4715B092-1204-4DD6-AD4F-D48B605C81AC}"
EndProject
Global
	GlobalSection(SolutionConfigurationPlatforms) = preSolution
		Debug|Any CPU = Debug|Any CPU
		Release|Any CPU = Release|Any CPU
	EndGlobalSection
	GlobalSection(ProjectConfigurationPlatforms) = postSolution
		{90395796-23A6-4740-A97A-32DDAC25E51C}.Debug|Any CPU.ActiveCfg = Debug|Any CPU
		{90395796-23A6-4740-A97A-32DDAC25E51C}.Debug|Any CPU.Build.0 = Debug|Any CPU
		{90395796-23A6-4740-A97A-32DDAC25E51C}.Release|Any CPU.ActiveCfg = Release|Any CPU
		{90395796-23A6-4740-A97A-32DDAC25E51C}.Release|Any CPU.Build.0 = Release|Any CPU
		{4715B092-1204-4DD6-AD4F-D48B605C81AC}.Debug|Any CPU.ActiveCfg = Debug|Any CPU
		{4715B092-1204-4DD6-AD4F-D48B605C81AC}.Debug|Any CPU.Build.0 = Debug|Any CPU
		{4715B092-1204-4DD6-AD4F-D48B605C81AC}.Release|Any CPU.ActiveCfg = Release|Any CPU
		{4715B092-1204-4DD6-AD4F-D48B605C81AC}.Release|Any CPU.Build.0 = Release|Any CPU
	EndGlobalSection
	GlobalSection(SolutionProperties) = preSolution
		HideSolutionNode = FALSE
	EndGlobalSection
	GlobalSection(ExtensibilityGlobals) = postSolution
		SolutionGuid = {C78D5199-C026-45C0-804F-0D7D426453E9}
	EndGlobalSection
EndGlobal
